{
  "name": "Examination_CMS_NY",
  "lockfileVersion": 3,
  "requires": true,
  "packages": {
    "": {
      "dependencies": {
        "strapi-plugin-populate-deep": "^3.0.1"
      }
    },
    "node_modules/strapi-plugin-populate-deep": {
      "version": "3.0.1",
      "resolved": "https://registry.npmjs.org/strapi-plugin-populate-deep/-/strapi-plugin-populate-deep-3.0.1.tgz",
      "integrity": "sha512-7t1bPPBN1AGKZlFT/6qsqmwgd7SzTA9CNzEBSzeYEjL/e0GKD2lf4wF11C2vMkfsQW2GhRAXZQRCGlLnV2XHFQ==",
      "engines": {
        "node": ">=14.19.1 <=20.x.x",
        "npm": ">=6.0.0"
      }
    }
  }
}
